{
  "_comment": [
    "Verrou des modèles du benchmark. Consommé par benchmark/fetch_models.py.",
    "`revision` DOIT être un SHA de commit Hugging Face (jamais une branche) pour",
    "garantir un re-téléchargement bit-à-bit identique. Les entrées non encore",
    "épinglées ont revision=null et statut='a_confirmer' : fetch_models.py les",
    "refuse sauf --allow-unpinned. `repo_id_verifie=false` = repo_id plausible",
    "mais NON confirmé (modèles issus de la veille sept. 2026, postérieurs au",
    "cadrage) : à valider à l'intégration (Phase 3).",
    "Estimations disque = venv (torch CUDA ~2.5-5 Go) + poids + marge cache HF."
  ],
  "budget_disque_go": { "lean": 70, "complet": 150 },

  "modeles": {
    "chatterbox_v3": {
      "phase": 1,
      "role": "baseline de référence (moteur de prod avisol)",
      "repo_id": "ResembleAI/chatterbox",
      "repo_id_verifie": true,
      "revision": null,
      "hf_allow_patterns": null,
      "licence": "MIT",
      "usage_commercial": true,
      "clonage_zero_shot": true,
      "langue_fr": "natif (multilingue, balise <lang:fr>)",
      "vram_go_estimee": 4,
      "disque_go_estimee": 6.5,
      "venv": "chatterbox_v3",
      "statut": "a_confirmer",
      "notes": "détection dialogue native ; paramètre exaggeration ; chunker chatterbox"
    },
    "kokoro_82m": {
      "phase": 1,
      "role": "plancher légèreté / vitesse",
      "repo_id": "hexgrad/Kokoro-82M",
      "repo_id_verifie": true,
      "revision": null,
      "hf_allow_patterns": null,
      "licence": "Apache-2.0",
      "usage_commercial": true,
      "clonage_zero_shot": false,
      "langue_fr": "a_verifier (voix FR selon version)",
      "vram_go_estimee": 2,
      "disque_go_estimee": 3,
      "venv": "kokoro_82m",
      "statut": "a_confirmer",
      "notes": "pas de clonage ; build ONNX possible pour alléger le venv"
    },
    "firered_tts3": {
      "phase": 1,
      "role": "candidat SOTA n°1 (veille sept. 2026)",
      "repo_id": "FireRedTeam/FireRedTTS3-Instruct",
      "repo_id_verifie": false,
      "revision": null,
      "hf_allow_patterns": null,
      "licence": "Apache-2.0 (a_verifier)",
      "usage_commercial": true,
      "clonage_zero_shot": true,
      "langue_fr": "annonce 24 langues dont FR",
      "vram_go_estimee": 8,
      "disque_go_estimee": 10,
      "venv": "firered_tts3",
      "statut": "a_confirmer",
      "notes": "contrôle émotionnel par langage naturel ; scores WER/SIM publiés"
    },
    "voxcpm2": {
      "phase": 2,
      "role": "candidat de référence (veille juin 2026)",
      "repo_id": "openbmb/VoxCPM2",
      "repo_id_verifie": false,
      "revision": null,
      "hf_allow_patterns": null,
      "licence": "Apache-2.0 (a_verifier)",
      "usage_commercial": true,
      "clonage_zero_shot": true,
      "langue_fr": "a_valider empiriquement (guidance surtout EN)",
      "vram_go_estimee": 6,
      "disque_go_estimee": 6.5,
      "venv": "voxcpm2",
      "statut": "a_confirmer",
      "notes": "Voice Design + Controllable Cloning + NL style guidance"
    },
    "cosyvoice3_05b": {
      "phase": 2,
      "role": "backup stable, FR inclus",
      "repo_id": "FunAudioLLM/CosyVoice3-0.5B",
      "repo_id_verifie": false,
      "revision": null,
      "hf_allow_patterns": null,
      "licence": "Apache-2.0 (a_verifier)",
      "usage_commercial": true,
      "clonage_zero_shot": true,
      "langue_fr": "inclus",
      "vram_go_estimee": 5,
      "disque_go_estimee": 7,
      "venv": "cosyvoice3_05b",
      "statut": "a_confirmer",
      "notes": "pas de progression récente mais fiable"
    },
    "audio8_06b": {
      "phase": 2,
      "role": "candidat léger/rapide, bon WER",
      "repo_id": "Audio8/Audio8-TTS-Preview-0.6B",
      "repo_id_verifie": false,
      "revision": null,
      "hf_allow_patterns": null,
      "licence": "Apache-2.0 (a_verifier)",
      "usage_commercial": true,
      "clonage_zero_shot": true,
      "langue_fr": "correct",
      "vram_go_estimee": 4,
      "disque_go_estimee": 6,
      "venv": "audio8_06b",
      "statut": "a_confirmer",
      "notes": "pas de tags d'émotion"
    },
    "pocket_tts": {
      "phase": 2,
      "role": "candidat faible coût (CPU natif)",
      "repo_id": "kyutai/pocket-tts",
      "repo_id_verifie": false,
      "revision": null,
      "hf_allow_patterns": null,
      "licence": "CC-BY-4.0 (a_verifier)",
      "usage_commercial": true,
      "clonage_zero_shot": true,
      "langue_fr": "natif (voix 'estelle')",
      "vram_go_estimee": 1,
      "disque_go_estimee": 3,
      "venv": "pocket_tts",
      "statut": "a_confirmer",
      "notes": "~100M params, ~200 ms latence ; émotion par clonage uniquement"
    },
    "parler_tts_fr": {
      "phase": 2,
      "role": "seul entraîné nativement FR",
      "repo_id": "ylacombe/parler-tts-mini-french",
      "repo_id_verifie": false,
      "revision": null,
      "hf_allow_patterns": null,
      "licence": "Apache-2.0 (base HF)",
      "usage_commercial": true,
      "clonage_zero_shot": false,
      "langue_fr": "natif",
      "vram_go_estimee": 3,
      "disque_go_estimee": 5.5,
      "venv": "parler_tts_fr",
      "statut": "a_confirmer",
      "notes": "contrôle du style par description ; pas de clonage"
    },

    "xtts_v2": {
      "phase": "ref",
      "role": "référence qualité (hors service : licence non commerciale)",
      "repo_id": "coqui/XTTS-v2",
      "repo_id_verifie": true,
      "revision": null,
      "hf_allow_patterns": null,
      "licence": "CPML (non commercial)",
      "usage_commercial": false,
      "clonage_zero_shot": true,
      "langue_fr": "natif",
      "vram_go_estimee": 4,
      "disque_go_estimee": 5,
      "venv": "xtts_v2",
      "statut": "a_confirmer",
      "notes": "Coqui fermé ; plafond de comparaison, pas candidat produit"
    },
    "f5_tts": {
      "phase": "ref",
      "role": "référence prosodie (hors service : licence non commerciale)",
      "repo_id": "SWivid/F5-TTS",
      "repo_id_verifie": true,
      "revision": null,
      "hf_allow_patterns": null,
      "licence": "CC-BY-NC",
      "usage_commercial": false,
      "clonage_zero_shot": true,
      "langue_fr": "annoncé",
      "vram_go_estimee": 4,
      "disque_go_estimee": 5,
      "venv": "f5_tts",
      "statut": "a_confirmer",
      "notes": "flow-matching ; plafond de comparaison"
    },

    "asr_whisper_large_v3_fr": {
      "phase": "outil",
      "role": "ASR de scoring (WER FR) — module commun, jamais en // d'un TTS",
      "repo_id": "bofenghuang/whisper-large-v3-french",
      "repo_id_verifie": true,
      "revision": null,
      "hf_allow_patterns": null,
      "licence": "MIT",
      "usage_commercial": true,
      "clonage_zero_shot": null,
      "langue_fr": "spécialisé FR",
      "vram_go_estimee": 6,
      "disque_go_estimee": 4,
      "venv": "_commun",
      "statut": "a_confirmer",
      "notes": "chargé APRÈS génération, modèle TTS déchargé"
    },
    "asr_faster_whisper_small": {
      "phase": "outil",
      "role": "validation de contenu language-agnostic (recall/precision, troncature)",
      "repo_id": "Systran/faster-whisper-small",
      "repo_id_verifie": true,
      "revision": null,
      "hf_allow_patterns": null,
      "licence": "MIT",
      "usage_commercial": true,
      "clonage_zero_shot": null,
      "langue_fr": "multilingue (CTranslate2 int8)",
      "vram_go_estimee": 1,
      "disque_go_estimee": 0.5,
      "venv": "_commun",
      "statut": "a_confirmer",
      "notes": "indépendant de la stack torch ; sert au filtrage anti-faux-positifs"
    }
  }
}
