{
  "_comment": [
    "Verrou des modèles du benchmark. Consommé par benchmark/fetch_models.py.",
    "`revision` = SHA de commit Hugging Face (garantit un re-téléchargement",
    "bit-à-bit identique). Vérifié via l'API HF le 2026-09-05.",
    "`hf_allow_patterns=null` => snapshot complet (simple + reproductible ;",
    "le disque est sur D:). Estimations disque = venv (torch CUDA ~2.5-5 Go)",
    "+ poids + marge cache HF."
  ],
  "budget_disque_go": { "lean": 70, "complet": 150 },

  "modeles": {
    "chatterbox_v3": {
      "phase": 1,
      "role": "baseline de référence (moteur de prod avisol)",
      "repo_id": "ResembleAI/chatterbox",
      "repo_id_verifie": true,
      "revision": "5bb1f6ee58e50c3b8d408bc82a6d3740c2db6e18",
      "code_ref": "git+https://github.com/resemble-ai/chatterbox.git@5de7a54aa4e5e2baadb0182dde554908b48b85c2",
      "t3_model": "v3",
      "hf_allow_patterns": null,
      "licence": "MIT",
      "usage_commercial": true,
      "clonage_zero_shot": true,
      "langue_fr": "natif — multilingue 23 langues, balise <lang:fr>",
      "vram_go_estimee": 4,
      "disque_go_estimee": 6.5,
      "venv": "chatterbox_v3",
      "statut": "verifie",
      "notes": "le wheel PyPI ne charge que le T3 v2 ; on installe le code GitHub épinglé (code_ref) pour from_pretrained(t3_model=\"v3\") -> t3_mtl23ls_v3.safetensors, parité prod avisol. Dép. piège : setuptools<80 (pkg_resources pour resemble-perth). Détection dialogue native ; exaggeration dynamique ; chunker FAMILLE_CHATTERBOX."
    },
    "kokoro_82m": {
      "phase": 1,
      "role": "plancher légèreté / vitesse",
      "repo_id": "hexgrad/Kokoro-82M",
      "repo_id_verifie": true,
      "revision": "f3ff3571791e39611d31c381e3a41a3af07b4987",
      "hf_allow_patterns": null,
      "licence": "Apache-2.0",
      "usage_commercial": true,
      "clonage_zero_shot": false,
      "langue_fr": "a_verifier (voix FR selon le pack de voix)",
      "vram_go_estimee": 2,
      "disque_go_estimee": 3,
      "venv": "kokoro_82m",
      "statut": "verifie",
      "notes": "pas de clonage ; build ONNX possible pour alléger le venv"
    },
    "firered_tts3": {
      "phase": 1,
      "role": "candidat SOTA n°1 (veille sept. 2026)",
      "repo_id": "FireRedTeam/FireRedTTS3",
      "repo_id_verifie": true,
      "revision": "dcf1bdcd1b8b25b382fa84c3e34eb82e3054a610",
      "code_ref": "git+https://github.com/FireRedTeam/FireRedTTS3.git@1d32ba780da6af37a71bdfd9c68c12003e908a46",
      "hf_allow_patterns": null,
      "licence": "Apache-2.0",
      "usage_commercial": true,
      "clonage_zero_shot": true,
      "langue_fr": "annonce 24 langues dont FR (tag 'French')",
      "vram_go_estimee": 8,
      "disque_go_estimee": 14,
      "venv": "firered_tts3",
      "statut": "verifie",
      "notes": "pas de paquet PyPI -> code GitHub épinglé (code_ref) via PYTHONPATH. torch 2.8 (wheel cu128). TN 'wetext' = zh/en seulement -> nombres FR (p30) mal verbalisés attendu. Prompt de clonage = wav + transcription (corpus/voix_reference/<voix>.prompt.txt)."
    },
    "moss_tts_local_v15": {
      "phase": 2,
      "role": "moteur de prod avisol (5B, piloté par durée cible)",
      "repo_id": "OpenMOSS-Team/MOSS-TTS-Local-Transformer-v1.5",
      "repo_id_verifie": true,
      "revision": "be7766a6735b98bd793f7c79fb720b4d0f5d13b8",
      "code_ref": "git+https://github.com/OpenMOSS/MOSS-TTS.git@fb6e6a5eae694e856c2ae78457682ea8ad79b44a",
      "hf_allow_patterns": null,
      "licence": "Apache-2.0",
      "usage_commercial": true,
      "clonage_zero_shot": true,
      "langue_fr": "balise <lang:fr> (pas de language_id global)",
      "vram_go_estimee": 13,
      "disque_go_estimee": 22,
      "venv": "moss_tts_local_v15",
      "statut": "verifie",
      "notes": "5B, backbone Qwen3, transformers 5 + torch 2.9.1+cu128, install editable du repo MOSS-TTS ([torch-runtime]). AutoModel/AutoProcessor trust_remote_code. Piloté par durée cible -> budget de tokens (chars_per_second). RISQUE : chargement 5B vs 8 Go de RAM WSL (cf. models/voxcpm2/NOTES.md)."
    },

    "voxcpm2": {
      "phase": 2,
      "role": "candidat de référence (veille juin 2026)",
      "repo_id": "openbmb/VoxCPM2",
      "repo_id_verifie": true,
      "revision": "32279effe8c19989596f05d353d1447f51d9e915",
      "hf_allow_patterns": null,
      "licence": "Apache-2.0",
      "usage_commercial": true,
      "clonage_zero_shot": true,
      "langue_fr": "a_valider empiriquement (guidance surtout démontrée en EN)",
      "vram_go_estimee": 6,
      "disque_go_estimee": 6.5,
      "venv": "voxcpm2",
      "statut": "verifie",
      "notes": "Voice Design + Controllable Cloning + NL style guidance ; ~378k dl"
    },
    "cosyvoice3_05b": {
      "phase": 2,
      "role": "backup stable, FR inclus",
      "repo_id": "FunAudioLLM/Fun-CosyVoice3-0.5B-2512",
      "repo_id_verifie": true,
      "revision": "29e01c4e8d000f4bcd70751be16fa94bf3d85a18",
      "hf_allow_patterns": null,
      "licence": "Apache-2.0",
      "usage_commercial": true,
      "clonage_zero_shot": true,
      "langue_fr": "inclus",
      "vram_go_estimee": 5,
      "disque_go_estimee": 7,
      "venv": "cosyvoice3_05b",
      "statut": "verifie",
      "notes": "multi-fichiers (llm.pt, flow.pt, hift.pt, onnx) ; la variante -0.5B nue est gated"
    },
    "audio8_06b": {
      "phase": 2,
      "role": "candidat léger/rapide, bon WER",
      "repo_id": "Audio8/Audio8-TTS-Preview-0.6b",
      "repo_id_verifie": true,
      "revision": "f07040f3d151f1ba0253bfb92cb2f5dd38b44594",
      "hf_allow_patterns": null,
      "licence": "Apache-2.0",
      "usage_commercial": true,
      "clonage_zero_shot": true,
      "langue_fr": "correct",
      "vram_go_estimee": 4,
      "disque_go_estimee": 6,
      "venv": "audio8_06b",
      "statut": "verifie",
      "notes": "id en 'b' minuscule ; single model.safetensors ; variantes ONNX-INT4 dispo"
    },
    "pocket_tts": {
      "phase": 2,
      "role": "candidat faible coût (CPU natif)",
      "repo_id": "kyutai/pocket-tts",
      "repo_id_verifie": true,
      "revision": "492522650173a0653b7575cdc25ae09810e5d741",
      "hf_allow_patterns": null,
      "licence": "CC-BY-4.0",
      "usage_commercial": true,
      "clonage_zero_shot": true,
      "langue_fr": "natif (voix 'estelle')",
      "vram_go_estimee": 1,
      "disque_go_estimee": 3,
      "venv": "pocket_tts",
      "statut": "verifie",
      "notes": "~100M params, ~200 ms latence ; émotion par clonage uniquement ; attribution CC-BY requise"
    },
    "parler_tts_fr": {
      "phase": 2,
      "role": "seul entraîné nativement FR",
      "repo_id": "PHBJT/french_parler_tts_mini_v0.1",
      "repo_id_verifie": true,
      "revision": "579b3d582ddd47c731a69dde063155f441bcbfb4",
      "hf_allow_patterns": null,
      "licence": "a_verifier",
      "usage_commercial": true,
      "clonage_zero_shot": false,
      "langue_fr": "natif (finetune FR de parler-tts-mini)",
      "vram_go_estimee": 3,
      "disque_go_estimee": 5.5,
      "venv": "parler_tts_fr",
      "statut": "verifie",
      "notes": "métadonnée licence absente sur le repo du finetune ; base parler-tts Apache-2.0 en amont — à clarifier avant tout usage produit ; pas de clonage"
    },

    "xtts_v2": {
      "phase": "ref",
      "role": "référence qualité (hors service : licence non commerciale)",
      "repo_id": "coqui/XTTS-v2",
      "repo_id_verifie": true,
      "revision": "6c2b0d75eae4b7047358e3b6bd9325f857d43f77",
      "hf_allow_patterns": null,
      "licence": "CPML (non commercial)",
      "usage_commercial": false,
      "clonage_zero_shot": true,
      "langue_fr": "natif",
      "vram_go_estimee": 4,
      "disque_go_estimee": 5,
      "venv": "xtts_v2",
      "statut": "verifie",
      "notes": "Coqui fermé ; plafond de comparaison, pas candidat produit"
    },
    "f5_tts": {
      "phase": "ref",
      "role": "référence prosodie (hors service : licence non commerciale)",
      "repo_id": "SWivid/F5-TTS",
      "repo_id_verifie": true,
      "revision": "84e5a410d9cead4de2f847e7c9369a6440bdfaca",
      "hf_allow_patterns": null,
      "licence": "CC-BY-NC-4.0",
      "usage_commercial": false,
      "clonage_zero_shot": true,
      "langue_fr": "annoncé",
      "vram_go_estimee": 4,
      "disque_go_estimee": 5,
      "venv": "f5_tts",
      "statut": "verifie",
      "notes": "flow-matching ; plafond de comparaison"
    },

    "asr_whisper_large_v3_fr": {
      "phase": "outil",
      "role": "ASR de scoring (WER FR) — jamais chargé en // d'un TTS",
      "repo_id": "bofenghuang/whisper-large-v3-french",
      "repo_id_verifie": true,
      "revision": "90a7cd1fea9cd69f80f5a0fc49738418dba96083",
      "hf_allow_patterns": ["*.json", "*.txt", "model.safetensors"],
      "licence": "MIT",
      "usage_commercial": true,
      "clonage_zero_shot": null,
      "langue_fr": "spécialisé FR",
      "vram_go_estimee": 6,
      "disque_go_estimee": 4,
      "venv": "_commun",
      "statut": "verifie",
      "notes": "chargé APRÈS génération, modèle TTS déchargé"
    },
    "asr_faster_whisper_small": {
      "phase": "outil",
      "role": "validation de contenu language-agnostic (recall/precision, troncature)",
      "repo_id": "Systran/faster-whisper-small",
      "repo_id_verifie": true,
      "revision": "536b0662742c02347bc0e980a01041f333bce120",
      "hf_allow_patterns": null,
      "licence": "MIT",
      "usage_commercial": true,
      "clonage_zero_shot": null,
      "langue_fr": "multilingue (CTranslate2 int8)",
      "vram_go_estimee": 1,
      "disque_go_estimee": 0.5,
      "venv": "_commun",
      "statut": "verifie",
      "notes": "indépendant de la stack torch ; sert au filtrage anti-faux-positifs"
    }
  }
}
